{
  "name": "my_sequelize_burger",
  "version": "1.0.0",
  "lockfileVersion": 1,
  "requires": true,
  "dependencies": {
    "choreographer-js": {
      "version": "1.1.0",
      "resolved": "https://registry.npmjs.org/choreographer-js/-/choreographer-js-1.1.0.tgz",
      "integrity": "sha1-J0KZHTMhuWyNnoT9DrqHEu8kRrk="
    },
    "izimodal": {
      "version": "1.5.0",
      "resolved": "https://registry.npmjs.org/izimodal/-/izimodal-1.5.0.tgz",
      "integrity": "sha512-q9xV8URYsY1B8pADIYGF8tvZCxD3gybeD/Ks8A3Q8QojsApdlSS3LQ68O/QHAB4vDmnqv9c88s0+SnEBlB4QBQ==",
      "requires": {
        "jquery": "2.2.4"
      }
    },
    "jquery": {
      "version": "2.2.4",
      "resolved": "https://registry.npmjs.org/jquery/-/jquery-2.2.4.tgz",
      "integrity": "sha1-LInWiJterFIqfuoywUUhVZxsvwI="
    },
    "jquery-modal": {
      "version": "0.8.2",
      "resolved": "https://registry.npmjs.org/jquery-modal/-/jquery-modal-0.8.2.tgz",
      "integrity": "sha512-QWIOHiS4tddxV2U/oHESCl6+OVrUYlXkjDLQJaCh/yaWXsazv7blhw8hnBmOJjuJzIVnpgmAUMBMXglaBjhgEA=="
    },
    "typed": {
      "version": "0.3.3",
      "resolved": "https://registry.npmjs.org/typed/-/typed-0.3.3.tgz",
      "integrity": "sha1-kwRf0pKU+Q+fGbYSAC0nZsaArhc="
    }
  }
}
